[[package]]
name = "click"
version = "8.1.3"
description = "Composable command line interface toolkit"
category = "main"
optional = false
python-versions = ">=3.7"

[package.dependencies]
colorama = {version = "*", markers = "platform_system == \"Windows\""}

[[package]]
name = "colorama"
version = "0.4.4"
description = "Cross-platform colored terminal text."
category = "main"
optional = false
python-versions = ">=2.7, !=3.0.*, !=3.1.*, !=3.2.*, !=3.3.*, !=3.4.*"

[[package]]
name = "lark-parser"
version = "0.10.1"
description = "a modern parsing library"
category = "main"
optional = false
python-versions = "*"

[package.extras]
nearley = ["js2py"]
regex = ["regex"]

[[package]]
name = "python-hcl2"
version = "3.0.5"
description = "A parser for HCL2"
category = "main"
optional = false
python-versions = ">=3.6.0"

[package.dependencies]
lark-parser = ">=0.10.0,<0.11.0"

[metadata]
lock-version = "1.1"
python-versions = "^3.9"
content-hash = "e01e7acc5aa710423dc0604950386e6c599909f671ca2bb1243ad6f34acd5a28"

[metadata.files]
click = [
    {file = "click-8.1.3-py3-none-any.whl", hash = "sha256:bb4d8133cb15a609f44e8213d9b391b0809795062913b383c62be0ee95b1db48"},
    {file = "click-8.1.3.tar.gz", hash = "sha256:7682dc8afb30297001674575ea00d1814d808d6a36af415a82bd481d37ba7b8e"},
]
colorama = [
    {file = "colorama-0.4.4-py2.py3-none-any.whl", hash = "sha256:9f47eda37229f68eee03b24b9748937c7dc3868f906e8ba69fbcbdd3bc5dc3e2"},
    {file = "colorama-0.4.4.tar.gz", hash = "sha256:5941b2b48a20143d2267e95b1c2a7603ce057ee39fd88e7329b0c292aa16869b"},
]
lark-parser = [
    {file = "lark-parser-0.10.1.tar.gz", hash = "sha256:42f367612a1bbc4cf9d8c8eb1b209d8a9b397d55af75620c9e6f53e502235996"},
]
python-hcl2 = [
    {file = "python-hcl2-3.0.5.tar.gz", hash = "sha256:f8beff86346c6f42ccad75d6d2af4a33981802b6a000de881cc93b649f49ed1c"},
]
